<Solution>
  <Folder Name="/Elementos de la solución/">
    <File Path=".editorconfig" />
  </Folder>
  <Project Path="TurismoConecta.api/TurismoConecta.api.csproj" />
  <Project Path="TurismoConecta.web/TurismoConecta.web.Client/TurismoConecta.web.Client.csproj" />
  <Project Path="TurismoConecta.web/TurismoConecta.web/TurismoConecta.web.csproj" />
</Solution>
